# THIS IS AN AUTOGENERATED FILE. DO NOT EDIT THIS FILE DIRECTLY.
# yarn lockfile v1


"@babel/runtime@^7.15.3":
  "integrity" "sha512-NDYdls71fTXoU8TZHfbBWg7DiZfNzClcKui/+kyi6ppD2L1qnWW3VV6CjtaBXSUGGhiTWJ6ereOIkUvenif66Q=="
  "resolved" "https://registry.npmjs.org/@babel/runtime/-/runtime-7.20.0.tgz"
  "version" "7.20.0"
  dependencies:
    "regenerator-runtime" "^0.13.10"

"@tiki.vn/tini-style@0.16.0":
  "integrity" "sha512-9Ed52s03NYIGbH/HxAuLY5x+pTonLBbqgD7qhotIRyUajjN32dE8sFe8ZKxCvwQJwAcqNi1YpqZb5Tp81tycSg=="
  "resolved" "https://registry.npmjs.org/@tiki.vn/tini-style/-/tini-style-0.16.0.tgz"
  "version" "0.16.0"

"@tiki.vn/tini-ui@^0.16.0":
  "integrity" "sha512-SQLfwO3f7LvyKj1EOzRjgv3XxrGc6guGYS0+QEAi+/q1ThrNSf+ThveIJCJMRTTPnMX1UssuoSQqqXAV7tLwSg=="
  "resolved" "https://registry.npmjs.org/@tiki.vn/tini-ui/-/tini-ui-0.16.0.tgz"
  "version" "0.16.0"
  dependencies:
    "@babel/runtime" "^7.15.3"
    "@tiki.vn/tini-style" "0.16.0"

"regenerator-runtime@^0.13.10":
  "integrity" "sha512-KepLsg4dU12hryUO7bp/axHAKvwGOCV0sGloQtpagJ12ai+ojVDqkeGSiRX1zlq+kjIMZ1t7gpze+26QqtdGqw=="
  "resolved" "https://registry.npmjs.org/regenerator-runtime/-/regenerator-runtime-0.13.10.tgz"
  "version" "0.13.10"
